// !$*UTF8*$!
{
	archiveVersion = 1;
	classes = {
	};
	objectVersion = 56;
	objects = {

/* Begin PBXBuildFile section */
		301CB0202BF28C3F000B8A87 /* TigerMemoryGameApp.swift in Sources */ = {isa = PBXBuildFile; fileRef = 301CB01F2BF28C3F000B8A87 /* TigerMemoryGameApp.swift */; };
		301CB0242BF28C41000B8A87 /* Assets.xcassets in Resources */ = {isa = PBXBuildFile; fileRef = 301CB0232BF28C41000B8A87 /* Assets.xcassets */; };
		301CB0272BF28C41000B8A87 /* Preview Assets.xcassets in Resources */ = {isa = PBXBuildFile; fileRef = 301CB0262BF28C41000B8A87 /* Preview Assets.xcassets */; };
		301CB02F2BF28D7B000B8A87 /* LoadingView.swift in Sources */ = {isa = PBXBuildFile; fileRef = 301CB02E2BF28D7B000B8A87 /* LoadingView.swift */; };
		301CB0322BF290A1000B8A87 /* ProgressCircleView.swift in Sources */ = {isa = PBXBuildFile; fileRef = 301CB0312BF290A1000B8A87 /* ProgressCircleView.swift */; };
		301CB0352BF295DF000B8A87 /* MainView.swift in Sources */ = {isa = PBXBuildFile; fileRef = 301CB0342BF295DF000B8A87 /* MainView.swift */; };
		301CB0382BF2A5DE000B8A87 /* AboutGameView.swift in Sources */ = {isa = PBXBuildFile; fileRef = 301CB0372BF2A5DE000B8A87 /* AboutGameView.swift */; };
		301CB03B2BF2A621000B8A87 /* SettingsView.swift in Sources */ = {isa = PBXBuildFile; fileRef = 301CB03A2BF2A621000B8A87 /* SettingsView.swift */; };
		301CB03D2BF2A812000B8A87 /* DailyBonusIcon.swift in Sources */ = {isa = PBXBuildFile; fileRef = 301CB03C2BF2A812000B8A87 /* DailyBonusIcon.swift */; };
		301CB0402BF2AF59000B8A87 /* SelectLevelView.swift in Sources */ = {isa = PBXBuildFile; fileRef = 301CB03F2BF2AF59000B8A87 /* SelectLevelView.swift */; };
		301CB0422BF2B30A000B8A87 /* LevelTable.swift in Sources */ = {isa = PBXBuildFile; fileRef = 301CB0412BF2B30A000B8A87 /* LevelTable.swift */; };
		301CB0442BF2B332000B8A87 /* LevelCellView.swift in Sources */ = {isa = PBXBuildFile; fileRef = 301CB0432BF2B332000B8A87 /* LevelCellView.swift */; };
		301CB0462BF2BC4A000B8A87 /* GameView.swift in Sources */ = {isa = PBXBuildFile; fileRef = 301CB0452BF2BC4A000B8A87 /* GameView.swift */; };
		307EA5CC2BF3C080008F0875 /* BuyBonusView.swift in Sources */ = {isa = PBXBuildFile; fileRef = 307EA5CB2BF3C080008F0875 /* BuyBonusView.swift */; };
		307EA5CE2BF3C745008F0875 /* BlurUIView.swift in Sources */ = {isa = PBXBuildFile; fileRef = 307EA5CD2BF3C745008F0875 /* BlurUIView.swift */; };
		307EA5D02BF3CBED008F0875 /* WinnerView.swift in Sources */ = {isa = PBXBuildFile; fileRef = 307EA5CF2BF3CBED008F0875 /* WinnerView.swift */; };
		307EA5D22BF3DB6D008F0875 /* DailyBonusView.swift in Sources */ = {isa = PBXBuildFile; fileRef = 307EA5D12BF3DB6D008F0875 /* DailyBonusView.swift */; };
		307EA5D42BF3F1CE008F0875 /* GameTiger.xcdatamodel in Sources */ = {isa = PBXBuildFile; fileRef = 307EA5D32BF3F1CE008F0875 /* GameTiger.xcdatamodel */; };
		30A64B2D2BF353B300A5543D /* yellowRectangle.swift in Sources */ = {isa = PBXBuildFile; fileRef = 30A64B2C2BF353B300A5543D /* yellowRectangle.swift */; };
		30A64B2F2BF354C600A5543D /* AnimalsTableView.swift in Sources */ = {isa = PBXBuildFile; fileRef = 30A64B2E2BF354C500A5543D /* AnimalsTableView.swift */; };
		30A64B312BF357BA00A5543D /* YellowCircleView.swift in Sources */ = {isa = PBXBuildFile; fileRef = 30A64B302BF357BA00A5543D /* YellowCircleView.swift */; };
		30A64B332BF358A900A5543D /* BrownRectangle.swift in Sources */ = {isa = PBXBuildFile; fileRef = 30A64B322BF358A900A5543D /* BrownRectangle.swift */; };
		30A64B382BF35B3400A5543D /* GameViewModel.swift in Sources */ = {isa = PBXBuildFile; fileRef = 30A64B372BF35B3400A5543D /* GameViewModel.swift */; };
/* End PBXBuildFile section */

/* Begin PBXFileReference section */
		301CB01C2BF28C3F000B8A87 /* TigerMemoryGame.app */ = {isa = PBXFileReference; explicitFileType = wrapper.application; includeInIndex = 0; path = TigerMemoryGame.app; sourceTree = BUILT_PRODUCTS_DIR; };
		301CB01F2BF28C3F000B8A87 /* TigerMemoryGameApp.swift */ = {isa = PBXFileReference; lastKnownFileType = sourcecode.swift; path = TigerMemoryGameApp.swift; sourceTree = "<group>"; };
		301CB0232BF28C41000B8A87 /* Assets.xcassets */ = {isa = PBXFileReference; lastKnownFileType = folder.assetcatalog; path = Assets.xcassets; sourceTree = "<group>"; };
		301CB0262BF28C41000B8A87 /* Preview Assets.xcassets */ = {isa = PBXFileReference; lastKnownFileType = folder.assetcatalog; path = "Preview Assets.xcassets"; sourceTree = "<group>"; };
		301CB02E2BF28D7B000B8A87 /* LoadingView.swift */ = {isa = PBXFileReference; lastKnownFileType = sourcecode.swift; path = LoadingView.swift; sourceTree = "<group>"; };
		301CB0312BF290A1000B8A87 /* ProgressCircleView.swift */ = {isa = PBXFileReference; lastKnownFileType = sourcecode.swift; path = ProgressCircleView.swift; sourceTree = "<group>"; };
		301CB0342BF295DF000B8A87 /* MainView.swift */ = {isa = PBXFileReference; lastKnownFileType = sourcecode.swift; path = MainView.swift; sourceTree = "<group>"; };
		301CB0372BF2A5DE000B8A87 /* AboutGameView.swift */ = {isa = PBXFileReference; lastKnownFileType = sourcecode.swift; path = AboutGameView.swift; sourceTree = "<group>"; };
		301CB03A2BF2A621000B8A87 /* SettingsView.swift */ = {isa = PBXFileReference; lastKnownFileType = sourcecode.swift; path = SettingsView.swift; sourceTree = "<group>"; };
		301CB03C2BF2A812000B8A87 /* DailyBonusIcon.swift */ = {isa = PBXFileReference; lastKnownFileType = sourcecode.swift; path = DailyBonusIcon.swift; sourceTree = "<group>"; };
		301CB03F2BF2AF59000B8A87 /* SelectLevelView.swift */ = {isa = PBXFileReference; lastKnownFileType = sourcecode.swift; path = SelectLevelView.swift; sourceTree = "<group>"; };
		301CB0412BF2B30A000B8A87 /* LevelTable.swift */ = {isa = PBXFileReference; lastKnownFileType = sourcecode.swift; path = LevelTable.swift; sourceTree = "<group>"; };
		301CB0432BF2B332000B8A87 /* LevelCellView.swift */ = {isa = PBXFileReference; lastKnownFileType = sourcecode.swift; path = LevelCellView.swift; sourceTree = "<group>"; };
		301CB0452BF2BC4A000B8A87 /* GameView.swift */ = {isa = PBXFileReference; lastKnownFileType = sourcecode.swift; path = GameView.swift; sourceTree = "<group>"; };
		307EA5CB2BF3C080008F0875 /* BuyBonusView.swift */ = {isa = PBXFileReference; lastKnownFileType = sourcecode.swift; path = BuyBonusView.swift; sourceTree = "<group>"; };
		307EA5CD2BF3C745008F0875 /* BlurUIView.swift */ = {isa = PBXFileReference; lastKnownFileType = sourcecode.swift; path = BlurUIView.swift; sourceTree = "<group>"; };
		307EA5CF2BF3CBED008F0875 /* WinnerView.swift */ = {isa = PBXFileReference; lastKnownFileType = sourcecode.swift; path = WinnerView.swift; sourceTree = "<group>"; };
		307EA5D12BF3DB6D008F0875 /* DailyBonusView.swift */ = {isa = PBXFileReference; lastKnownFileType = sourcecode.swift; path = DailyBonusView.swift; sourceTree = "<group>"; };
		307EA5D32BF3F1CE008F0875 /* GameTiger.xcdatamodel */ = {isa = PBXFileReference; lastKnownFileType = wrapper.xcdatamodel; name = GameTiger.xcdatamodel; path = GameTiger.xcdatamodeld/GameTiger.xcdatamodel; sourceTree = "<group>"; };
		30A64B2C2BF353B300A5543D /* yellowRectangle.swift */ = {isa = PBXFileReference; lastKnownFileType = sourcecode.swift; path = yellowRectangle.swift; sourceTree = "<group>"; };
		30A64B2E2BF354C500A5543D /* AnimalsTableView.swift */ = {isa = PBXFileReference; lastKnownFileType = sourcecode.swift; path = AnimalsTableView.swift; sourceTree = "<group>"; };
		30A64B302BF357BA00A5543D /* YellowCircleView.swift */ = {isa = PBXFileReference; lastKnownFileType = sourcecode.swift; path = YellowCircleView.swift; sourceTree = "<group>"; };
		30A64B322BF358A900A5543D /* BrownRectangle.swift */ = {isa = PBXFileReference; lastKnownFileType = sourcecode.swift; path = BrownRectangle.swift; sourceTree = "<group>"; };
		30A64B372BF35B3400A5543D /* GameViewModel.swift */ = {isa = PBXFileReference; lastKnownFileType = sourcecode.swift; path = GameViewModel.swift; sourceTree = "<group>"; };
/* End PBXFileReference section */

/* Begin PBXFrameworksBuildPhase section */
		301CB0192BF28C3F000B8A87 /* Frameworks */ = {
			isa = PBXFrameworksBuildPhase;
			buildActionMask = 2147483647;
			files = (
			);
			runOnlyForDeploymentPostprocessing = 0;
		};
/* End PBXFrameworksBuildPhase section */

/* Begin PBXGroup section */
		301CB0132BF28C3F000B8A87 = {
			isa = PBXGroup;
			children = (
				301CB01E2BF28C3F000B8A87 /* TigerMemoryGame */,
				301CB01D2BF28C3F000B8A87 /* Products */,
			);
			sourceTree = "<group>";
		};
		301CB01D2BF28C3F000B8A87 /* Products */ = {
			isa = PBXGroup;
			children = (
				301CB01C2BF28C3F000B8A87 /* TigerMemoryGame.app */,
			);
			name = Products;
			sourceTree = "<group>";
		};
		301CB01E2BF28C3F000B8A87 /* TigerMemoryGame */ = {
			isa = PBXGroup;
			children = (
				307EA5D32BF3F1CE008F0875 /* GameTiger.xcdatamodel */,
				301CB0392BF2A613000B8A87 /* Settings */,
				301CB03E2BF2AF37000B8A87 /* GameView */,
				301CB0362BF2A5C7000B8A87 /* AboutGame */,
				301CB0332BF295D0000B8A87 /* MainView */,
				301CB0302BF29078000B8A87 /* Extention */,
				301CB02D2BF28D62000B8A87 /* Loading */,
				301CB01F2BF28C3F000B8A87 /* TigerMemoryGameApp.swift */,
				301CB0232BF28C41000B8A87 /* Assets.xcassets */,
				301CB0252BF28C41000B8A87 /* Preview Content */,
			);
			path = TigerMemoryGame;
			sourceTree = "<group>";
		};
		301CB0252BF28C41000B8A87 /* Preview Content */ = {
			isa = PBXGroup;
			children = (
				301CB0262BF28C41000B8A87 /* Preview Assets.xcassets */,
			);
			path = "Preview Content";
			sourceTree = "<group>";
		};
		301CB02D2BF28D62000B8A87 /* Loading */ = {
			isa = PBXGroup;
			children = (
				301CB02E2BF28D7B000B8A87 /* LoadingView.swift */,
			);
			path = Loading;
			sourceTree = "<group>";
		};
		301CB0302BF29078000B8A87 /* Extention */ = {
			isa = PBXGroup;
			children = (
				301CB0312BF290A1000B8A87 /* ProgressCircleView.swift */,
				301CB03C2BF2A812000B8A87 /* DailyBonusIcon.swift */,
				301CB0432BF2B332000B8A87 /* LevelCellView.swift */,
				301CB0412BF2B30A000B8A87 /* LevelTable.swift */,
				30A64B2C2BF353B300A5543D /* yellowRectangle.swift */,
				30A64B2E2BF354C500A5543D /* AnimalsTableView.swift */,
				30A64B302BF357BA00A5543D /* YellowCircleView.swift */,
				30A64B322BF358A900A5543D /* BrownRectangle.swift */,
				307EA5CD2BF3C745008F0875 /* BlurUIView.swift */,
			);
			path = Extention;
			sourceTree = "<group>";
		};
		301CB0332BF295D0000B8A87 /* MainView */ = {
			isa = PBXGroup;
			children = (
				301CB0342BF295DF000B8A87 /* MainView.swift */,
				307EA5D12BF3DB6D008F0875 /* DailyBonusView.swift */,
			);
			path = MainView;
			sourceTree = "<group>";
		};
		301CB0362BF2A5C7000B8A87 /* AboutGame */ = {
			isa = PBXGroup;
			children = (
				301CB0372BF2A5DE000B8A87 /* AboutGameView.swift */,
			);
			path = AboutGame;
			sourceTree = "<group>";
		};
		301CB0392BF2A613000B8A87 /* Settings */ = {
			isa = PBXGroup;
			children = (
				301CB03A2BF2A621000B8A87 /* SettingsView.swift */,
			);
			path = Settings;
			sourceTree = "<group>";
		};
		301CB03E2BF2AF37000B8A87 /* GameView */ = {
			isa = PBXGroup;
			children = (
				301CB0452BF2BC4A000B8A87 /* GameView.swift */,
				30A64B372BF35B3400A5543D /* GameViewModel.swift */,
				301CB03F2BF2AF59000B8A87 /* SelectLevelView.swift */,
				307EA5CB2BF3C080008F0875 /* BuyBonusView.swift */,
				307EA5CF2BF3CBED008F0875 /* WinnerView.swift */,
			);
			path = GameView;
			sourceTree = "<group>";
		};
/* End PBXGroup section */

/* Begin PBXNativeTarget section */
		301CB01B2BF28C3F000B8A87 /* TigerMemoryGame */ = {
			isa = PBXNativeTarget;
			buildConfigurationList = 301CB02A2BF28C41000B8A87 /* Build configuration list for PBXNativeTarget "TigerMemoryGame" */;
			buildPhases = (
				301CB0182BF28C3F000B8A87 /* Sources */,
				301CB0192BF28C3F000B8A87 /* Frameworks */,
				301CB01A2BF28C3F000B8A87 /* Resources */,
			);
			buildRules = (
			);
			dependencies = (
			);
			name = TigerMemoryGame;
			productName = TigerMemoryGame;
			productReference = 301CB01C2BF28C3F000B8A87 /* TigerMemoryGame.app */;
			productType = "com.apple.product-type.application";
		};
/* End PBXNativeTarget section */

/* Begin PBXProject section */
		301CB0142BF28C3F000B8A87 /* Project object */ = {
			isa = PBXProject;
			attributes = {
				BuildIndependentTargetsInParallel = 1;
				LastSwiftUpdateCheck = 1530;
				LastUpgradeCheck = 1530;
				TargetAttributes = {
					301CB01B2BF28C3F000B8A87 = {
						CreatedOnToolsVersion = 15.3;
					};
				};
			};
			buildConfigurationList = 301CB0172BF28C3F000B8A87 /* Build configuration list for PBXProject "TigerMemoryGame" */;
			compatibilityVersion = "Xcode 14.0";
			developmentRegion = en;
			hasScannedForEncodings = 0;
			knownRegions = (
				en,
				Base,
			);
			mainGroup = 301CB0132BF28C3F000B8A87;
			productRefGroup = 301CB01D2BF28C3F000B8A87 /* Products */;
			projectDirPath = "";
			projectRoot = "";
			targets = (
				301CB01B2BF28C3F000B8A87 /* TigerMemoryGame */,
			);
		};
/* End PBXProject section */

/* Begin PBXResourcesBuildPhase section */
		301CB01A2BF28C3F000B8A87 /* Resources */ = {
			isa = PBXResourcesBuildPhase;
			buildActionMask = 2147483647;
			files = (
				301CB0272BF28C41000B8A87 /* Preview Assets.xcassets in Resources */,
				301CB0242BF28C41000B8A87 /* Assets.xcassets in Resources */,
			);
			runOnlyForDeploymentPostprocessing = 0;
		};
/* End PBXResourcesBuildPhase section */

/* Begin PBXSourcesBuildPhase section */
		301CB0182BF28C3F000B8A87 /* Sources */ = {
			isa = PBXSourcesBuildPhase;
			buildActionMask = 2147483647;
			files = (
				301CB0322BF290A1000B8A87 /* ProgressCircleView.swift in Sources */,
				301CB0202BF28C3F000B8A87 /* TigerMemoryGameApp.swift in Sources */,
				301CB0352BF295DF000B8A87 /* MainView.swift in Sources */,
				301CB03B2BF2A621000B8A87 /* SettingsView.swift in Sources */,
				307EA5D02BF3CBED008F0875 /* WinnerView.swift in Sources */,
				301CB0382BF2A5DE000B8A87 /* AboutGameView.swift in Sources */,
				30A64B332BF358A900A5543D /* BrownRectangle.swift in Sources */,
				30A64B382BF35B3400A5543D /* GameViewModel.swift in Sources */,
				30A64B2D2BF353B300A5543D /* yellowRectangle.swift in Sources */,
				30A64B312BF357BA00A5543D /* YellowCircleView.swift in Sources */,
				307EA5D42BF3F1CE008F0875 /* GameTiger.xcdatamodel in Sources */,
				301CB0462BF2BC4A000B8A87 /* GameView.swift in Sources */,
				307EA5CC2BF3C080008F0875 /* BuyBonusView.swift in Sources */,
				301CB02F2BF28D7B000B8A87 /* LoadingView.swift in Sources */,
				30A64B2F2BF354C600A5543D /* AnimalsTableView.swift in Sources */,
				301CB0402BF2AF59000B8A87 /* SelectLevelView.swift in Sources */,
				301CB03D2BF2A812000B8A87 /* DailyBonusIcon.swift in Sources */,
				307EA5D22BF3DB6D008F0875 /* DailyBonusView.swift in Sources */,
				307EA5CE2BF3C745008F0875 /* BlurUIView.swift in Sources */,
				301CB0422BF2B30A000B8A87 /* LevelTable.swift in Sources */,
				301CB0442BF2B332000B8A87 /* LevelCellView.swift in Sources */,
			);
			runOnlyForDeploymentPostprocessing = 0;
		};
/* End PBXSourcesBuildPhase section */

/* Begin XCBuildConfiguration section */
		301CB0282BF28C41000B8A87 /* Debug */ = {
			isa = XCBuildConfiguration;
			buildSettings = {
				ALWAYS_SEARCH_USER_PATHS = NO;
				ASSETCATALOG_COMPILER_GENERATE_SWIFT_ASSET_SYMBOL_EXTENSIONS = YES;
				CLANG_ANALYZER_NONNULL = YES;
				CLANG_ANALYZER_NUMBER_OBJECT_CONVERSION = YES_AGGRESSIVE;
				CLANG_CXX_LANGUAGE_STANDARD = "gnu++20";
				CLANG_ENABLE_MODULES = YES;
				CLANG_ENABLE_OBJC_ARC = YES;
				CLANG_ENABLE_OBJC_WEAK = YES;
				CLANG_WARN_BLOCK_CAPTURE_AUTORELEASING = YES;
				CLANG_WARN_BOOL_CONVERSION = YES;
				CLANG_WARN_COMMA = YES;
				CLANG_WARN_CONSTANT_CONVERSION = YES;
				CLANG_WARN_DEPRECATED_OBJC_IMPLEMENTATIONS = YES;
				CLANG_WARN_DIRECT_OBJC_ISA_USAGE = YES_ERROR;
				CLANG_WARN_DOCUMENTATION_COMMENTS = YES;
				CLANG_WARN_EMPTY_BODY = YES;
				CLANG_WARN_ENUM_CONVERSION = YES;
				CLANG_WARN_INFINITE_RECURSION = YES;
				CLANG_WARN_INT_CONVERSION = YES;
				CLANG_WARN_NON_LITERAL_NULL_CONVERSION = YES;
				CLANG_WARN_OBJC_IMPLICIT_RETAIN_SELF = YES;
				CLANG_WARN_OBJC_LITERAL_CONVERSION = YES;
				CLANG_WARN_OBJC_ROOT_CLASS = YES_ERROR;
				CLANG_WARN_QUOTED_INCLUDE_IN_FRAMEWORK_HEADER = YES;
				CLANG_WARN_RANGE_LOOP_ANALYSIS = YES;
				CLANG_WARN_STRICT_PROTOTYPES = YES;
				CLANG_WARN_SUSPICIOUS_MOVE = YES;
				CLANG_WARN_UNGUARDED_AVAILABILITY = YES_AGGRESSIVE;
				CLANG_WARN_UNREACHABLE_CODE = YES;
				CLANG_WARN__DUPLICATE_METHOD_MATCH = YES;
				COPY_PHASE_STRIP = NO;
				DEBUG_INFORMATION_FORMAT = dwarf;
				ENABLE_STRICT_OBJC_MSGSEND = YES;
				ENABLE_TESTABILITY = YES;
				ENABLE_USER_SCRIPT_SANDBOXING = YES;
				GCC_C_LANGUAGE_STANDARD = gnu17;
				GCC_DYNAMIC_NO_PIC = NO;
				GCC_NO_COMMON_BLOCKS = YES;
				GCC_OPTIMIZATION_LEVEL = 0;
				GCC_PREPROCESSOR_DEFINITIONS = (
					"DEBUG=1",
					"$(inherited)",
				);
				GCC_WARN_64_TO_32_BIT_CONVERSION = YES;
				GCC_WARN_ABOUT_RETURN_TYPE = YES_ERROR;
				GCC_WARN_UNDECLARED_SELECTOR = YES;
				GCC_WARN_UNINITIALIZED_AUTOS = YES_AGGRESSIVE;
				GCC_WARN_UNUSED_FUNCTION = YES;
				GCC_WARN_UNUSED_VARIABLE = YES;
				IPHONEOS_DEPLOYMENT_TARGET = 17.4;
				LOCALIZATION_PREFERS_STRING_CATALOGS = YES;
				MTL_ENABLE_DEBUG_INFO = INCLUDE_SOURCE;
				MTL_FAST_MATH = YES;
				ONLY_ACTIVE_ARCH = YES;
				SDKROOT = iphoneos;
				SWIFT_ACTIVE_COMPILATION_CONDITIONS = "DEBUG $(inherited)";
				SWIFT_OPTIMIZATION_LEVEL = "-Onone";
			};
			name = Debug;
		};
		301CB0292BF28C41000B8A87 /* Release */ = {
			isa = XCBuildConfiguration;
			buildSettings = {
				ALWAYS_SEARCH_USER_PATHS = NO;
				ASSETCATALOG_COMPILER_GENERATE_SWIFT_ASSET_SYMBOL_EXTENSIONS = YES;
				CLANG_ANALYZER_NONNULL = YES;
				CLANG_ANALYZER_NUMBER_OBJECT_CONVERSION = YES_AGGRESSIVE;
				CLANG_CXX_LANGUAGE_STANDARD = "gnu++20";
				CLANG_ENABLE_MODULES = YES;
				CLANG_ENABLE_OBJC_ARC = YES;
				CLANG_ENABLE_OBJC_WEAK = YES;
				CLANG_WARN_BLOCK_CAPTURE_AUTORELEASING = YES;
				CLANG_WARN_BOOL_CONVERSION = YES;
				CLANG_WARN_COMMA = YES;
				CLANG_WARN_CONSTANT_CONVERSION = YES;
				CLANG_WARN_DEPRECATED_OBJC_IMPLEMENTATIONS = YES;
				CLANG_WARN_DIRECT_OBJC_ISA_USAGE = YES_ERROR;
				CLANG_WARN_DOCUMENTATION_COMMENTS = YES;
				CLANG_WARN_EMPTY_BODY = YES;
				CLANG_WARN_ENUM_CONVERSION = YES;
				CLANG_WARN_INFINITE_RECURSION = YES;
				CLANG_WARN_INT_CONVERSION = YES;
				CLANG_WARN_NON_LITERAL_NULL_CONVERSION = YES;
				CLANG_WARN_OBJC_IMPLICIT_RETAIN_SELF = YES;
				CLANG_WARN_OBJC_LITERAL_CONVERSION = YES;
				CLANG_WARN_OBJC_ROOT_CLASS = YES_ERROR;
				CLANG_WARN_QUOTED_INCLUDE_IN_FRAMEWORK_HEADER = YES;
				CLANG_WARN_RANGE_LOOP_ANALYSIS = YES;
				CLANG_WARN_STRICT_PROTOTYPES = YES;
				CLANG_WARN_SUSPICIOUS_MOVE = YES;
				CLANG_WARN_UNGUARDED_AVAILABILITY = YES_AGGRESSIVE;
				CLANG_WARN_UNREACHABLE_CODE = YES;
				CLANG_WARN__DUPLICATE_METHOD_MATCH = YES;
				COPY_PHASE_STRIP = NO;
				DEBUG_INFORMATION_FORMAT = "dwarf-with-dsym";
				ENABLE_NS_ASSERTIONS = NO;
				ENABLE_STRICT_OBJC_MSGSEND = YES;
				ENABLE_USER_SCRIPT_SANDBOXING = YES;
				GCC_C_LANGUAGE_STANDARD = gnu17;
				GCC_NO_COMMON_BLOCKS = YES;
				GCC_WARN_64_TO_32_BIT_CONVERSION = YES;
				GCC_WARN_ABOUT_RETURN_TYPE = YES_ERROR;
				GCC_WARN_UNDECLARED_SELECTOR = YES;
				GCC_WARN_UNINITIALIZED_AUTOS = YES_AGGRESSIVE;
				GCC_WARN_UNUSED_FUNCTION = YES;
				GCC_WARN_UNUSED_VARIABLE = YES;
				IPHONEOS_DEPLOYMENT_TARGET = 17.4;
				LOCALIZATION_PREFERS_STRING_CATALOGS = YES;
				MTL_ENABLE_DEBUG_INFO = NO;
				MTL_FAST_MATH = YES;
				SDKROOT = iphoneos;
				SWIFT_COMPILATION_MODE = wholemodule;
				VALIDATE_PRODUCT = YES;
			};
			name = Release;
		};
		301CB02B2BF28C41000B8A87 /* Debug */ = {
			isa = XCBuildConfiguration;
			buildSettings = {
				ASSETCATALOG_COMPILER_APPICON_NAME = AppIcon;
				ASSETCATALOG_COMPILER_GLOBAL_ACCENT_COLOR_NAME = AccentColor;
				CODE_SIGN_STYLE = Automatic;
				CURRENT_PROJECT_VERSION = 1;
				DEVELOPMENT_ASSET_PATHS = "\"TigerMemoryGame/Preview Content\"";
				DEVELOPMENT_TEAM = AR6AN34RS9;
				ENABLE_PREVIEWS = YES;
				GENERATE_INFOPLIST_FILE = YES;
				INFOPLIST_KEY_UIApplicationSceneManifest_Generation = YES;
				INFOPLIST_KEY_UIApplicationSupportsIndirectInputEvents = YES;
				INFOPLIST_KEY_UILaunchScreen_Generation = YES;
				INFOPLIST_KEY_UISupportedInterfaceOrientations = UIInterfaceOrientationPortrait;
				INFOPLIST_KEY_UISupportedInterfaceOrientations_iPad = "UIInterfaceOrientationLandscapeLeft UIInterfaceOrientationLandscapeRight UIInterfaceOrientationPortrait UIInterfaceOrientationPortraitUpsideDown";
				IPHONEOS_DEPLOYMENT_TARGET = 15.0;
				LD_RUNPATH_SEARCH_PATHS = (
					"$(inherited)",
					"@executable_path/Frameworks",
				);
				MARKETING_VERSION = 1.0;
				PRODUCT_BUNDLE_IDENTIFIER = home.TigerMemoryGame;
				PRODUCT_NAME = "$(TARGET_NAME)";
				SUPPORTED_PLATFORMS = "iphoneos iphonesimulator";
				SUPPORTS_MACCATALYST = NO;
				SUPPORTS_MAC_DESIGNED_FOR_IPHONE_IPAD = NO;
				SUPPORTS_XR_DESIGNED_FOR_IPHONE_IPAD = NO;
				SWIFT_EMIT_LOC_STRINGS = YES;
				SWIFT_VERSION = 5.0;
				TARGETED_DEVICE_FAMILY = 1;
			};
			name = Debug;
		};
		301CB02C2BF28C41000B8A87 /* Release */ = {
			isa = XCBuildConfiguration;
			buildSettings = {
				ASSETCATALOG_COMPILER_APPICON_NAME = AppIcon;
				ASSETCATALOG_COMPILER_GLOBAL_ACCENT_COLOR_NAME = AccentColor;
				CODE_SIGN_STYLE = Automatic;
				CURRENT_PROJECT_VERSION = 1;
				DEVELOPMENT_ASSET_PATHS = "\"TigerMemoryGame/Preview Content\"";
				DEVELOPMENT_TEAM = AR6AN34RS9;
				ENABLE_PREVIEWS = YES;
				GENERATE_INFOPLIST_FILE = YES;
				INFOPLIST_KEY_UIApplicationSceneManifest_Generation = YES;
				INFOPLIST_KEY_UIApplicationSupportsIndirectInputEvents = YES;
				INFOPLIST_KEY_UILaunchScreen_Generation = YES;
				INFOPLIST_KEY_UISupportedInterfaceOrientations = UIInterfaceOrientationPortrait;
				INFOPLIST_KEY_UISupportedInterfaceOrientations_iPad = "UIInterfaceOrientationLandscapeLeft UIInterfaceOrientationLandscapeRight UIInterfaceOrientationPortrait UIInterfaceOrientationPortraitUpsideDown";
				IPHONEOS_DEPLOYMENT_TARGET = 15.0;
				LD_RUNPATH_SEARCH_PATHS = (
					"$(inherited)",
					"@executable_path/Frameworks",
				);
				MARKETING_VERSION = 1.0;
				PRODUCT_BUNDLE_IDENTIFIER = home.TigerMemoryGame;
				PRODUCT_NAME = "$(TARGET_NAME)";
				SUPPORTED_PLATFORMS = "iphoneos iphonesimulator";
				SUPPORTS_MACCATALYST = NO;
				SUPPORTS_MAC_DESIGNED_FOR_IPHONE_IPAD = NO;
				SUPPORTS_XR_DESIGNED_FOR_IPHONE_IPAD = NO;
				SWIFT_EMIT_LOC_STRINGS = YES;
				SWIFT_VERSION = 5.0;
				TARGETED_DEVICE_FAMILY = 1;
			};
			name = Release;
		};
/* End XCBuildConfiguration section */

/* Begin XCConfigurationList section */
		301CB0172BF28C3F000B8A87 /* Build configuration list for PBXProject "TigerMemoryGame" */ = {
			isa = XCConfigurationList;
			buildConfigurations = (
				301CB0282BF28C41000B8A87 /* Debug */,
				301CB0292BF28C41000B8A87 /* Release */,
			);
			defaultConfigurationIsVisible = 0;
			defaultConfigurationName = Release;
		};
		301CB02A2BF28C41000B8A87 /* Build configuration list for PBXNativeTarget "TigerMemoryGame" */ = {
			isa = XCConfigurationList;
			buildConfigurations = (
				301CB02B2BF28C41000B8A87 /* Debug */,
				301CB02C2BF28C41000B8A87 /* Release */,
			);
			defaultConfigurationIsVisible = 0;
			defaultConfigurationName = Release;
		};
/* End XCConfigurationList section */
	};
	rootObject = 301CB0142BF28C3F000B8A87 /* Project object */;
}
